
Microsoft Visual Studio Solution File, Format Version 12.00
# Visual Studio 2013
VisualStudioVersion = 12.0.30723.0
MinimumVisualStudioVersion = 10.0.40219.1
Project("{FAE04EC0-301F-11D3-BF4B-00C04F79EFBC}") = "FT.Threading.Tasks", "FT.Threading.Tasks\FT.Threading.Tasks.csproj", "{4DB3E6D4-5CBF-4EEC-AAA0-D102E092AF2D}"
EndProject
Project("{FAE04EC0-301F-11D3-BF4B-00C04F79EFBC}") = "FT.Threading.Tasks.Tests", "FT.Threading.TasksTests\FT.Threading.Tasks.Tests.csproj", "{D3AF2B85-B22C-41FE-9E1A-D7D0F8E00089}"
EndProject
Global
	GlobalSection(SolutionConfigurationPlatforms) = preSolution
		Debug|Any CPU = Debug|Any CPU
		Release|Any CPU = Release|Any CPU
	EndGlobalSection
	GlobalSection(ProjectConfigurationPlatforms) = postSolution
		{4DB3E6D4-5CBF-4EEC-AAA0-D102E092AF2D}.Debug|Any CPU.ActiveCfg = Debug|Any CPU
		{4DB3E6D4-5CBF-4EEC-AAA0-D102E092AF2D}.Debug|Any CPU.Build.0 = Debug|Any CPU
		{4DB3E6D4-5CBF-4EEC-AAA0-D102E092AF2D}.Release|Any CPU.ActiveCfg = Release|Any CPU
		{4DB3E6D4-5CBF-4EEC-AAA0-D102E092AF2D}.Release|Any CPU.Build.0 = Release|Any CPU
		{D3AF2B85-B22C-41FE-9E1A-D7D0F8E00089}.Debug|Any CPU.ActiveCfg = Debug|Any CPU
		{D3AF2B85-B22C-41FE-9E1A-D7D0F8E00089}.Debug|Any CPU.Build.0 = Debug|Any CPU
		{D3AF2B85-B22C-41FE-9E1A-D7D0F8E00089}.Release|Any CPU.ActiveCfg = Release|Any CPU
		{D3AF2B85-B22C-41FE-9E1A-D7D0F8E00089}.Release|Any CPU.Build.0 = Release|Any CPU
	EndGlobalSection
	GlobalSection(SolutionProperties) = preSolution
		HideSolutionNode = FALSE
	EndGlobalSection
EndGlobal
